
Microsoft Visual Studio Solution File, Format Version 12.00
# Visual Studio 15
VisualStudioVersion = 15.0.28010.2016
MinimumVisualStudioVersion = 10.0.40219.1
Project("{FAE04EC0-301F-11D3-BF4B-00C04F79EFBC}") = "Ex43 - GUI 01", "Ex43 - GUI 01\Ex43 - GUI 01.csproj", "{12149E43-A67F-4977-9D15-93A0B403AFE7}"
EndProject
Global
	GlobalSection(SolutionConfigurationPlatforms) = preSolution
		Debug|Any CPU = Debug|Any CPU
		Release|Any CPU = Release|Any CPU
	EndGlobalSection
	GlobalSection(ProjectConfigurationPlatforms) = postSolution
		{12149E43-A67F-4977-9D15-93A0B403AFE7}.Debug|Any CPU.ActiveCfg = Debug|Any CPU
		{12149E43-A67F-4977-9D15-93A0B403AFE7}.Debug|Any CPU.Build.0 = Debug|Any CPU
		{12149E43-A67F-4977-9D15-93A0B403AFE7}.Release|Any CPU.ActiveCfg = Release|Any CPU
		{12149E43-A67F-4977-9D15-93A0B403AFE7}.Release|Any CPU.Build.0 = Release|Any CPU
	EndGlobalSection
	GlobalSection(SolutionProperties) = preSolution
		HideSolutionNode = FALSE
	EndGlobalSection
	GlobalSection(ExtensibilityGlobals) = postSolution
		SolutionGuid = {94F5382C-3090-4BF6-87EB-A8C3B7236FE5}
	EndGlobalSection
EndGlobal
